
Microsoft Visual Studio Solution File, Format Version 12.00
# Visual Studio Version 17
VisualStudioVersion = 17.13.35931.197 d17.13
MinimumVisualStudioVersion = 10.0.40219.1
Project("{8BC9CEB8-8B4A-11D0-8D11-00A0C91BC942}") = "SnakeGame", "SnakeGame.vcxproj", "{02CD609D-871F-48C9-B78D-8A5C27B25C8F}"
EndProject
Global
	GlobalSection(SolutionConfigurationPlatforms) = preSolution
		Debug|x64 = Debug|x64
		Debug|x86 = Debug|x86
		Release|x64 = Release|x64
		Release|x86 = Release|x86
	EndGlobalSection
	GlobalSection(ProjectConfigurationPlatforms) = postSolution
		{02CD609D-871F-48C9-B78D-8A5C27B25C8F}.Debug|x64.ActiveCfg = Debug|x64
		{02CD609D-871F-48C9-B78D-8A5C27B25C8F}.Debug|x64.Build.0 = Debug|x64
		{02CD609D-871F-48C9-B78D-8A5C27B25C8F}.Debug|x86.ActiveCfg = Debug|Win32
		{02CD609D-871F-48C9-B78D-8A5C27B25C8F}.Debug|x86.Build.0 = Debug|Win32
		{02CD609D-871F-48C9-B78D-8A5C27B25C8F}.Release|x64.ActiveCfg = Release|x64
		{02CD609D-871F-48C9-B78D-8A5C27B25C8F}.Release|x64.Build.0 = Release|x64
		{02CD609D-871F-48C9-B78D-8A5C27B25C8F}.Release|x86.ActiveCfg = Release|Win32
		{02CD609D-871F-48C9-B78D-8A5C27B25C8F}.Release|x86.Build.0 = Release|Win32
	EndGlobalSection
	GlobalSection(SolutionProperties) = preSolution
		HideSolutionNode = FALSE
	EndGlobalSection
	GlobalSection(ExtensibilityGlobals) = postSolution
		SolutionGuid = {2042255D-2F96-48F3-BF78-1591CA346738}
	EndGlobalSection
EndGlobal
